// !$*UTF8*$!
{
	archiveVersion = 1;
	classes = {
	};
	objectVersion = 51;
	objects = {

/* Begin PBXBuildFile section */
		620BE9F522B72C7A000D147D /* MovieGenreCell.swift in Sources */ = {isa = PBXBuildFile; fileRef = 620BE9F422B72C7A000D147D /* MovieGenreCell.swift */; };
		62219E392247077600493680 /* SnappingLayout.swift in Sources */ = {isa = PBXBuildFile; fileRef = 62219E382247077600493680 /* SnappingLayout.swift */; };
		62219E3B2247192700493680 /* HomeFeedHeader.swift in Sources */ = {isa = PBXBuildFile; fileRef = 62219E3A2247192700493680 /* HomeFeedHeader.swift */; };
		6224D3572295BD6600BB2618 /* UPCarouselFlowLayout.swift in Sources */ = {isa = PBXBuildFile; fileRef = 6224D3562295BD6600BB2618 /* UPCarouselFlowLayout.swift */; };
		62466BF1226156C000B7A816 /* VideoCell.swift in Sources */ = {isa = PBXBuildFile; fileRef = 62466BF0226156C000B7A816 /* VideoCell.swift */; };
		62466BF3226158DB00B7A816 /* TrailerController.swift in Sources */ = {isa = PBXBuildFile; fileRef = 62466BF2226158DB00B7A816 /* TrailerController.swift */; };
		62466BF522615A7C00B7A816 /* TrailerCell.swift in Sources */ = {isa = PBXBuildFile; fileRef = 62466BF422615A7C00B7A816 /* TrailerCell.swift */; };
		624D3CEF22EA0CA900B7C681 /* SignUpViewModel.swift in Sources */ = {isa = PBXBuildFile; fileRef = 624D3CEE22EA0CA900B7C681 /* SignUpViewModel.swift */; };
		624D3CF122EA110D00B7C681 /* SignInViewModel.swift in Sources */ = {isa = PBXBuildFile; fileRef = 624D3CF022EA110D00B7C681 /* SignInViewModel.swift */; };
		625CEF52228B41E600022D77 /* GenreContainerCell.swift in Sources */ = {isa = PBXBuildFile; fileRef = 625CEF51228B41E600022D77 /* GenreContainerCell.swift */; };
		625CEF54228B49A200022D77 /* FadeAnimation.swift in Sources */ = {isa = PBXBuildFile; fileRef = 625CEF53228B49A200022D77 /* FadeAnimation.swift */; };
		625CEF57228B4F6600022D77 /* NowPlayingCellContainer.swift in Sources */ = {isa = PBXBuildFile; fileRef = 625CEF56228B4F6600022D77 /* NowPlayingCellContainer.swift */; };
		626EFE0E22D42FE700A09E1F /* SignUpController.swift in Sources */ = {isa = PBXBuildFile; fileRef = 626EFE0D22D42FE700A09E1F /* SignUpController.swift */; };
		62731E6B22B2DB12004D288F /* GenreController.swift in Sources */ = {isa = PBXBuildFile; fileRef = 62731E6A22B2DB12004D288F /* GenreController.swift */; };
		6273742C225701F700F3B123 /* Lato-Bold.ttf in Resources */ = {isa = PBXBuildFile; fileRef = 6273742B225701F700F3B123 /* Lato-Bold.ttf */; };
		627374332257027300F3B123 /* Lato-Heavy.ttf in Resources */ = {isa = PBXBuildFile; fileRef = 6273742D2257027300F3B123 /* Lato-Heavy.ttf */; };
		627374342257027300F3B123 /* Lato-Hairline.ttf in Resources */ = {isa = PBXBuildFile; fileRef = 6273742E2257027300F3B123 /* Lato-Hairline.ttf */; };
		627374352257027300F3B123 /* Lato-Regular.ttf in Resources */ = {isa = PBXBuildFile; fileRef = 6273742F2257027300F3B123 /* Lato-Regular.ttf */; };
		627374362257027300F3B123 /* Lato-Medium.ttf in Resources */ = {isa = PBXBuildFile; fileRef = 627374302257027300F3B123 /* Lato-Medium.ttf */; };
		627374372257027300F3B123 /* Lato-Light.ttf in Resources */ = {isa = PBXBuildFile; fileRef = 627374312257027300F3B123 /* Lato-Light.ttf */; };
		627374382257027300F3B123 /* Lato-Thin.ttf in Resources */ = {isa = PBXBuildFile; fileRef = 627374322257027300F3B123 /* Lato-Thin.ttf */; };
		62871BAD22EBC97B00CC4DCA /* GoogleService-Info.plist in Resources */ = {isa = PBXBuildFile; fileRef = 62871BAC22EBC97B00CC4DCA /* GoogleService-Info.plist */; };
		629749DD22360CD90007D346 /* AppDelegate.swift in Sources */ = {isa = PBXBuildFile; fileRef = 629749DC22360CD90007D346 /* AppDelegate.swift */; };
		629749DF22360CD90007D346 /* ViewController.swift in Sources */ = {isa = PBXBuildFile; fileRef = 629749DE22360CD90007D346 /* ViewController.swift */; };
		629749E422360CDB0007D346 /* Assets.xcassets in Resources */ = {isa = PBXBuildFile; fileRef = 629749E322360CDB0007D346 /* Assets.xcassets */; };
		629749E722360CDB0007D346 /* LaunchScreen.storyboard in Resources */ = {isa = PBXBuildFile; fileRef = 629749E522360CDB0007D346 /* LaunchScreen.storyboard */; };
		629749EF22360D130007D346 /* Secrets.swift in Sources */ = {isa = PBXBuildFile; fileRef = 629749EE22360D130007D346 /* Secrets.swift */; };
		629749F322360DC50007D346 /* CreateTabBarExt.swift in Sources */ = {isa = PBXBuildFile; fileRef = 629749F222360DC50007D346 /* CreateTabBarExt.swift */; };
		629749F522360E8B0007D346 /* UIView+Layout.swift in Sources */ = {isa = PBXBuildFile; fileRef = 629749F422360E8B0007D346 /* UIView+Layout.swift */; };
		629749F722360EA70007D346 /* UIColorExtension.swift in Sources */ = {isa = PBXBuildFile; fileRef = 629749F622360EA70007D346 /* UIColorExtension.swift */; };
		629749F922360ED60007D346 /* AddShadow.swift in Sources */ = {isa = PBXBuildFile; fileRef = 629749F822360ED60007D346 /* AddShadow.swift */; };
		629749FC22360F8A0007D346 /* HomeFeedController.swift in Sources */ = {isa = PBXBuildFile; fileRef = 629749FB22360F8A0007D346 /* HomeFeedController.swift */; };
		629749FE22360F980007D346 /* SearchController.swift in Sources */ = {isa = PBXBuildFile; fileRef = 629749FD22360F980007D346 /* SearchController.swift */; };
		62974A0022360FAD0007D346 /* FavoriteController.swift in Sources */ = {isa = PBXBuildFile; fileRef = 629749FF22360FAD0007D346 /* FavoriteController.swift */; };
		62974A0222360FBE0007D346 /* ProfileController.swift in Sources */ = {isa = PBXBuildFile; fileRef = 62974A0122360FBE0007D346 /* ProfileController.swift */; };
		62974A04223610BC0007D346 /* MainTabBarController.swift in Sources */ = {isa = PBXBuildFile; fileRef = 62974A03223610BC0007D346 /* MainTabBarController.swift */; };
		62974A072236149B0007D346 /* Service.swift in Sources */ = {isa = PBXBuildFile; fileRef = 62974A062236149B0007D346 /* Service.swift */; };
		62974A0A22361B990007D346 /* Search.swift in Sources */ = {isa = PBXBuildFile; fileRef = 62974A0922361B990007D346 /* Search.swift */; };
		62974A0C223624FC0007D346 /* BaseListController.swift in Sources */ = {isa = PBXBuildFile; fileRef = 62974A0B223624FC0007D346 /* BaseListController.swift */; };
		62974A0F22362B1C0007D346 /* SearchCell.swift in Sources */ = {isa = PBXBuildFile; fileRef = 62974A0E22362B1C0007D346 /* SearchCell.swift */; };
		629EFC1122D17F1F00E9E097 /* CustomTextField.swift in Sources */ = {isa = PBXBuildFile; fileRef = 629EFC1022D17F1F00E9E097 /* CustomTextField.swift */; };
		62A82D4C225A5FF70018270D /* FontsConstant.swift in Sources */ = {isa = PBXBuildFile; fileRef = 62A82D4B225A5FF70018270D /* FontsConstant.swift */; };
		62A88AFC2241CE9700212D32 /* MovieCell.swift in Sources */ = {isa = PBXBuildFile; fileRef = 62A88AFB2241CE9700212D32 /* MovieCell.swift */; };
		62A88AFE2241D64500212D32 /* APIClient.swift in Sources */ = {isa = PBXBuildFile; fileRef = 62A88AFD2241D64500212D32 /* APIClient.swift */; };
		62AB909922374E2400EF365D /* MovieGroup.swift in Sources */ = {isa = PBXBuildFile; fileRef = 62AB909822374E2400EF365D /* MovieGroup.swift */; };
		62B05950224957D800E42D5E /* HomeFeedLoadingFooter.swift in Sources */ = {isa = PBXBuildFile; fileRef = 62B0594F224957D800E42D5E /* HomeFeedLoadingFooter.swift */; };
		62B05952224975BE00E42D5E /* NowPlayingController.swift in Sources */ = {isa = PBXBuildFile; fileRef = 62B05951224975BE00E42D5E /* NowPlayingController.swift */; };
		62B0595422497AD000E42D5E /* NowPlayingCell.swift in Sources */ = {isa = PBXBuildFile; fileRef = 62B0595322497AD000E42D5E /* NowPlayingCell.swift */; };
		62B059562249957D00E42D5E /* DateManager.swift in Sources */ = {isa = PBXBuildFile; fileRef = 62B059552249957D00E42D5E /* DateManager.swift */; };
		62C0391E227AA691004700C6 /* GenreListController.swift in Sources */ = {isa = PBXBuildFile; fileRef = 62C0391D227AA691004700C6 /* GenreListController.swift */; };
		62C03922227AA894004700C6 /* GenreCell.swift in Sources */ = {isa = PBXBuildFile; fileRef = 62C03921227AA894004700C6 /* GenreCell.swift */; };
		62C371042252BA5D00071256 /* VerticalStackView.swift in Sources */ = {isa = PBXBuildFile; fileRef = 62C371032252BA5D00071256 /* VerticalStackView.swift */; };
		62C7D14C22D048A10083413D /* SignInController.swift in Sources */ = {isa = PBXBuildFile; fileRef = 62C7D14B22D048A10083413D /* SignInController.swift */; };
		62C9DA3322EA3CA300C4B2BC /* Bindable.swift in Sources */ = {isa = PBXBuildFile; fileRef = 62C9DA3222EA3CA300C4B2BC /* Bindable.swift */; };
		62D44AED2239E54F004DD6CC /* HomeCell.swift in Sources */ = {isa = PBXBuildFile; fileRef = 62D44AEC2239E54F004DD6CC /* HomeCell.swift */; };
		62E2BEC622514999000DF8B9 /* UINavItemExtension.swift in Sources */ = {isa = PBXBuildFile; fileRef = 62E2BEC522514999000DF8B9 /* UINavItemExtension.swift */; };
		62E2BECA2251B300000DF8B9 /* MovieDetailController.swift in Sources */ = {isa = PBXBuildFile; fileRef = 62E2BEC92251B300000DF8B9 /* MovieDetailController.swift */; };
		62E2BECC2251CC0B000DF8B9 /* MovieDetail.swift in Sources */ = {isa = PBXBuildFile; fileRef = 62E2BECB2251CC0B000DF8B9 /* MovieDetail.swift */; };
		62E2BED02251D29E000DF8B9 /* MovieDetailCell.swift in Sources */ = {isa = PBXBuildFile; fileRef = 62E2BECF2251D29E000DF8B9 /* MovieDetailCell.swift */; };
		62EFD50B22ED201A003ADF9C /* UserInfoCell.swift in Sources */ = {isa = PBXBuildFile; fileRef = 62EFD50A22ED201A003ADF9C /* UserInfoCell.swift */; };
		62F1C6C2225EBFF5005CA1A3 /* CreditsCell.swift in Sources */ = {isa = PBXBuildFile; fileRef = 62F1C6C1225EBFF5005CA1A3 /* CreditsCell.swift */; };
		62F1C6C5225EC2FB005CA1A3 /* CreditsController.swift in Sources */ = {isa = PBXBuildFile; fileRef = 62F1C6C4225EC2FB005CA1A3 /* CreditsController.swift */; };
		62F1C6C7225ECD41005CA1A3 /* CastCell.swift in Sources */ = {isa = PBXBuildFile; fileRef = 62F1C6C6225ECD41005CA1A3 /* CastCell.swift */; };
		62F6A6E6227B6259007D5FFD /* Genre.swift in Sources */ = {isa = PBXBuildFile; fileRef = 62F6A6E5227B6259007D5FFD /* Genre.swift */; };
		6AC5DCEC34E7D1513D80905E /* Pods_movieapp.framework in Frameworks */ = {isa = PBXBuildFile; fileRef = A93D07D5A41733C7FD98CD67 /* Pods_movieapp.framework */; };
/* End PBXBuildFile section */

/* Begin PBXFileReference section */
		18BB7F87FD98FBE1DFE7A6AE /* Pods-movieapp.debug.xcconfig */ = {isa = PBXFileReference; includeInIndex = 1; lastKnownFileType = text.xcconfig; name = "Pods-movieapp.debug.xcconfig"; path = "Pods/Target Support Files/Pods-movieapp/Pods-movieapp.debug.xcconfig"; sourceTree = "<group>"; };
		620BE9F422B72C7A000D147D /* MovieGenreCell.swift */ = {isa = PBXFileReference; lastKnownFileType = sourcecode.swift; path = MovieGenreCell.swift; sourceTree = "<group>"; };
		62219E382247077600493680 /* SnappingLayout.swift */ = {isa = PBXFileReference; lastKnownFileType = sourcecode.swift; path = SnappingLayout.swift; sourceTree = "<group>"; };
		62219E3A2247192700493680 /* HomeFeedHeader.swift */ = {isa = PBXFileReference; lastKnownFileType = sourcecode.swift; path = HomeFeedHeader.swift; sourceTree = "<group>"; };
		6224D3562295BD6600BB2618 /* UPCarouselFlowLayout.swift */ = {isa = PBXFileReference; lastKnownFileType = sourcecode.swift; path = UPCarouselFlowLayout.swift; sourceTree = "<group>"; };
		62466BF0226156C000B7A816 /* VideoCell.swift */ = {isa = PBXFileReference; lastKnownFileType = sourcecode.swift; path = VideoCell.swift; sourceTree = "<group>"; };
		62466BF2226158DB00B7A816 /* TrailerController.swift */ = {isa = PBXFileReference; lastKnownFileType = sourcecode.swift; path = TrailerController.swift; sourceTree = "<group>"; };
		62466BF422615A7C00B7A816 /* TrailerCell.swift */ = {isa = PBXFileReference; lastKnownFileType = sourcecode.swift; path = TrailerCell.swift; sourceTree = "<group>"; };
		624D3CEE22EA0CA900B7C681 /* SignUpViewModel.swift */ = {isa = PBXFileReference; lastKnownFileType = sourcecode.swift; path = SignUpViewModel.swift; sourceTree = "<group>"; };
		624D3CF022EA110D00B7C681 /* SignInViewModel.swift */ = {isa = PBXFileReference; lastKnownFileType = sourcecode.swift; path = SignInViewModel.swift; sourceTree = "<group>"; };
		625CEF51228B41E600022D77 /* GenreContainerCell.swift */ = {isa = PBXFileReference; lastKnownFileType = sourcecode.swift; path = GenreContainerCell.swift; sourceTree = "<group>"; };
		625CEF53228B49A200022D77 /* FadeAnimation.swift */ = {isa = PBXFileReference; lastKnownFileType = sourcecode.swift; path = FadeAnimation.swift; sourceTree = "<group>"; };
		625CEF56228B4F6600022D77 /* NowPlayingCellContainer.swift */ = {isa = PBXFileReference; lastKnownFileType = sourcecode.swift; path = NowPlayingCellContainer.swift; sourceTree = "<group>"; };
		626EFE0D22D42FE700A09E1F /* SignUpController.swift */ = {isa = PBXFileReference; lastKnownFileType = sourcecode.swift; path = SignUpController.swift; sourceTree = "<group>"; };
		62731E6A22B2DB12004D288F /* GenreController.swift */ = {isa = PBXFileReference; lastKnownFileType = sourcecode.swift; path = GenreController.swift; sourceTree = "<group>"; };
		6273742B225701F700F3B123 /* Lato-Bold.ttf */ = {isa = PBXFileReference; lastKnownFileType = file; path = "Lato-Bold.ttf"; sourceTree = "<group>"; };
		6273742D2257027300F3B123 /* Lato-Heavy.ttf */ = {isa = PBXFileReference; lastKnownFileType = file; path = "Lato-Heavy.ttf"; sourceTree = "<group>"; };
		6273742E2257027300F3B123 /* Lato-Hairline.ttf */ = {isa = PBXFileReference; lastKnownFileType = file; path = "Lato-Hairline.ttf"; sourceTree = "<group>"; };
		6273742F2257027300F3B123 /* Lato-Regular.ttf */ = {isa = PBXFileReference; lastKnownFileType = file; path = "Lato-Regular.ttf"; sourceTree = "<group>"; };
		627374302257027300F3B123 /* Lato-Medium.ttf */ = {isa = PBXFileReference; lastKnownFileType = file; path = "Lato-Medium.ttf"; sourceTree = "<group>"; };
		627374312257027300F3B123 /* Lato-Light.ttf */ = {isa = PBXFileReference; lastKnownFileType = file; path = "Lato-Light.ttf"; sourceTree = "<group>"; };
		627374322257027300F3B123 /* Lato-Thin.ttf */ = {isa = PBXFileReference; lastKnownFileType = file; path = "Lato-Thin.ttf"; sourceTree = "<group>"; };
		62871BAC22EBC97B00CC4DCA /* GoogleService-Info.plist */ = {isa = PBXFileReference; fileEncoding = 4; lastKnownFileType = text.plist.xml; path = "GoogleService-Info.plist"; sourceTree = "<group>"; };
		629749D922360CD90007D346 /* movieapp.app */ = {isa = PBXFileReference; explicitFileType = wrapper.application; includeInIndex = 0; path = movieapp.app; sourceTree = BUILT_PRODUCTS_DIR; };
		629749DC22360CD90007D346 /* AppDelegate.swift */ = {isa = PBXFileReference; lastKnownFileType = sourcecode.swift; path = AppDelegate.swift; sourceTree = "<group>"; };
		629749DE22360CD90007D346 /* ViewController.swift */ = {isa = PBXFileReference; lastKnownFileType = sourcecode.swift; path = ViewController.swift; sourceTree = "<group>"; };
		629749E322360CDB0007D346 /* Assets.xcassets */ = {isa = PBXFileReference; lastKnownFileType = folder.assetcatalog; path = Assets.xcassets; sourceTree = "<group>"; };
		629749E622360CDB0007D346 /* Base */ = {isa = PBXFileReference; lastKnownFileType = file.storyboard; name = Base; path = Base.lproj/LaunchScreen.storyboard; sourceTree = "<group>"; };
		629749E822360CDB0007D346 /* Info.plist */ = {isa = PBXFileReference; lastKnownFileType = text.plist.xml; path = Info.plist; sourceTree = "<group>"; };
		629749EE22360D130007D346 /* Secrets.swift */ = {isa = PBXFileReference; lastKnownFileType = sourcecode.swift; path = Secrets.swift; sourceTree = "<group>"; };
		629749F222360DC50007D346 /* CreateTabBarExt.swift */ = {isa = PBXFileReference; lastKnownFileType = sourcecode.swift; path = CreateTabBarExt.swift; sourceTree = "<group>"; };
		629749F422360E8B0007D346 /* UIView+Layout.swift */ = {isa = PBXFileReference; lastKnownFileType = sourcecode.swift; path = "UIView+Layout.swift"; sourceTree = "<group>"; };
		629749F622360EA70007D346 /* UIColorExtension.swift */ = {isa = PBXFileReference; lastKnownFileType = sourcecode.swift; path = UIColorExtension.swift; sourceTree = "<group>"; };
		629749F822360ED60007D346 /* AddShadow.swift */ = {isa = PBXFileReference; lastKnownFileType = sourcecode.swift; path = AddShadow.swift; sourceTree = "<group>"; };
		629749FB22360F8A0007D346 /* HomeFeedController.swift */ = {isa = PBXFileReference; lastKnownFileType = sourcecode.swift; path = HomeFeedController.swift; sourceTree = "<group>"; };
		629749FD22360F980007D346 /* SearchController.swift */ = {isa = PBXFileReference; lastKnownFileType = sourcecode.swift; path = SearchController.swift; sourceTree = "<group>"; };
		629749FF22360FAD0007D346 /* FavoriteController.swift */ = {isa = PBXFileReference; lastKnownFileType = sourcecode.swift; path = FavoriteController.swift; sourceTree = "<group>"; };
		62974A0122360FBE0007D346 /* ProfileController.swift */ = {isa = PBXFileReference; lastKnownFileType = sourcecode.swift; path = ProfileController.swift; sourceTree = "<group>"; };
		62974A03223610BC0007D346 /* MainTabBarController.swift */ = {isa = PBXFileReference; lastKnownFileType = sourcecode.swift; path = MainTabBarController.swift; sourceTree = "<group>"; };
		62974A062236149B0007D346 /* Service.swift */ = {isa = PBXFileReference; lastKnownFileType = sourcecode.swift; path = Service.swift; sourceTree = "<group>"; };
		62974A0922361B990007D346 /* Search.swift */ = {isa = PBXFileReference; lastKnownFileType = sourcecode.swift; path = Search.swift; sourceTree = "<group>"; };
		62974A0B223624FC0007D346 /* BaseListController.swift */ = {isa = PBXFileReference; lastKnownFileType = sourcecode.swift; path = BaseListController.swift; sourceTree = "<group>"; };
		62974A0E22362B1C0007D346 /* SearchCell.swift */ = {isa = PBXFileReference; lastKnownFileType = sourcecode.swift; path = SearchCell.swift; sourceTree = "<group>"; };
		629EFC1022D17F1F00E9E097 /* CustomTextField.swift */ = {isa = PBXFileReference; lastKnownFileType = sourcecode.swift; path = CustomTextField.swift; sourceTree = "<group>"; };
		62A82D4B225A5FF70018270D /* FontsConstant.swift */ = {isa = PBXFileReference; lastKnownFileType = sourcecode.swift; path = FontsConstant.swift; sourceTree = "<group>"; };
		62A88AFB2241CE9700212D32 /* MovieCell.swift */ = {isa = PBXFileReference; lastKnownFileType = sourcecode.swift; path = MovieCell.swift; sourceTree = "<group>"; };
		62A88AFD2241D64500212D32 /* APIClient.swift */ = {isa = PBXFileReference; lastKnownFileType = sourcecode.swift; path = APIClient.swift; sourceTree = "<group>"; };
		62AB909822374E2400EF365D /* MovieGroup.swift */ = {isa = PBXFileReference; lastKnownFileType = sourcecode.swift; path = MovieGroup.swift; sourceTree = "<group>"; };
		62B0594F224957D800E42D5E /* HomeFeedLoadingFooter.swift */ = {isa = PBXFileReference; lastKnownFileType = sourcecode.swift; path = HomeFeedLoadingFooter.swift; sourceTree = "<group>"; };
		62B05951224975BE00E42D5E /* NowPlayingController.swift */ = {isa = PBXFileReference; lastKnownFileType = sourcecode.swift; path = NowPlayingController.swift; sourceTree = "<group>"; };
		62B0595322497AD000E42D5E /* NowPlayingCell.swift */ = {isa = PBXFileReference; lastKnownFileType = sourcecode.swift; path = NowPlayingCell.swift; sourceTree = "<group>"; };
		62B059552249957D00E42D5E /* DateManager.swift */ = {isa = PBXFileReference; lastKnownFileType = sourcecode.swift; path = DateManager.swift; sourceTree = "<group>"; };
		62C0391D227AA691004700C6 /* GenreListController.swift */ = {isa = PBXFileReference; lastKnownFileType = sourcecode.swift; path = GenreListController.swift; sourceTree = "<group>"; };
		62C03921227AA894004700C6 /* GenreCell.swift */ = {isa = PBXFileReference; lastKnownFileType = sourcecode.swift; path = GenreCell.swift; sourceTree = "<group>"; };
		62C371032252BA5D00071256 /* VerticalStackView.swift */ = {isa = PBXFileReference; lastKnownFileType = sourcecode.swift; path = VerticalStackView.swift; sourceTree = "<group>"; };
		62C7D14B22D048A10083413D /* SignInController.swift */ = {isa = PBXFileReference; lastKnownFileType = sourcecode.swift; path = SignInController.swift; sourceTree = "<group>"; };
		62C9DA3222EA3CA300C4B2BC /* Bindable.swift */ = {isa = PBXFileReference; lastKnownFileType = sourcecode.swift; path = Bindable.swift; sourceTree = "<group>"; };
		62D44AEC2239E54F004DD6CC /* HomeCell.swift */ = {isa = PBXFileReference; lastKnownFileType = sourcecode.swift; path = HomeCell.swift; sourceTree = "<group>"; };
		62E2BEC522514999000DF8B9 /* UINavItemExtension.swift */ = {isa = PBXFileReference; lastKnownFileType = sourcecode.swift; path = UINavItemExtension.swift; sourceTree = "<group>"; };
		62E2BEC92251B300000DF8B9 /* MovieDetailController.swift */ = {isa = PBXFileReference; lastKnownFileType = sourcecode.swift; path = MovieDetailController.swift; sourceTree = "<group>"; };
		62E2BECB2251CC0B000DF8B9 /* MovieDetail.swift */ = {isa = PBXFileReference; lastKnownFileType = sourcecode.swift; path = MovieDetail.swift; sourceTree = "<group>"; };
		62E2BECF2251D29E000DF8B9 /* MovieDetailCell.swift */ = {isa = PBXFileReference; lastKnownFileType = sourcecode.swift; path = MovieDetailCell.swift; sourceTree = "<group>"; };
		62EFD50A22ED201A003ADF9C /* UserInfoCell.swift */ = {isa = PBXFileReference; lastKnownFileType = sourcecode.swift; path = UserInfoCell.swift; sourceTree = "<group>"; };
		62F1C6C1225EBFF5005CA1A3 /* CreditsCell.swift */ = {isa = PBXFileReference; lastKnownFileType = sourcecode.swift; path = CreditsCell.swift; sourceTree = "<group>"; };
		62F1C6C4225EC2FB005CA1A3 /* CreditsController.swift */ = {isa = PBXFileReference; lastKnownFileType = sourcecode.swift; path = CreditsController.swift; sourceTree = "<group>"; };
		62F1C6C6225ECD41005CA1A3 /* CastCell.swift */ = {isa = PBXFileReference; lastKnownFileType = sourcecode.swift; path = CastCell.swift; sourceTree = "<group>"; };
		62F6A6E5227B6259007D5FFD /* Genre.swift */ = {isa = PBXFileReference; lastKnownFileType = sourcecode.swift; path = Genre.swift; sourceTree = "<group>"; };
		A93D07D5A41733C7FD98CD67 /* Pods_movieapp.framework */ = {isa = PBXFileReference; explicitFileType = wrapper.framework; includeInIndex = 0; path = Pods_movieapp.framework; sourceTree = BUILT_PRODUCTS_DIR; };
		C3C90919AF38D40BA7056E2F /* Pods-movieapp.release.xcconfig */ = {isa = PBXFileReference; includeInIndex = 1; lastKnownFileType = text.xcconfig; name = "Pods-movieapp.release.xcconfig"; path = "Pods/Target Support Files/Pods-movieapp/Pods-movieapp.release.xcconfig"; sourceTree = "<group>"; };
/* End PBXFileReference section */

/* Begin PBXFrameworksBuildPhase section */
		629749D622360CD90007D346 /* Frameworks */ = {
			isa = PBXFrameworksBuildPhase;
			buildActionMask = 2147483647;
			files = (
				6AC5DCEC34E7D1513D80905E /* Pods_movieapp.framework in Frameworks */,
			);
			runOnlyForDeploymentPostprocessing = 0;
		};
/* End PBXFrameworksBuildPhase section */

/* Begin PBXGroup section */
		624D3CED22EA0A7C00B7C681 /* ViewModels */ = {
			isa = PBXGroup;
			children = (
				624D3CEE22EA0CA900B7C681 /* SignUpViewModel.swift */,
				624D3CF022EA110D00B7C681 /* SignInViewModel.swift */,
			);
			path = ViewModels;
			sourceTree = "<group>";
		};
		625CEF50228B41CA00022D77 /* GenreCells */ = {
			isa = PBXGroup;
			children = (
				625CEF51228B41E600022D77 /* GenreContainerCell.swift */,
				62C03921227AA894004700C6 /* GenreCell.swift */,
				620BE9F422B72C7A000D147D /* MovieGenreCell.swift */,
			);
			path = GenreCells;
			sourceTree = "<group>";
		};
		625CEF55228B4F4600022D77 /* NowPlayingCells */ = {
			isa = PBXGroup;
			children = (
				62B0595322497AD000E42D5E /* NowPlayingCell.swift */,
				625CEF56228B4F6600022D77 /* NowPlayingCellContainer.swift */,
			);
			path = NowPlayingCells;
			sourceTree = "<group>";
		};
		627374242256FE4000F3B123 /* Fonts */ = {
			isa = PBXGroup;
			children = (
				6273742B225701F700F3B123 /* Lato-Bold.ttf */,
				627374312257027300F3B123 /* Lato-Light.ttf */,
				627374302257027300F3B123 /* Lato-Medium.ttf */,
				6273742F2257027300F3B123 /* Lato-Regular.ttf */,
				627374322257027300F3B123 /* Lato-Thin.ttf */,
				6273742D2257027300F3B123 /* Lato-Heavy.ttf */,
				6273742E2257027300F3B123 /* Lato-Hairline.ttf */,
			);
			path = Fonts;
			sourceTree = "<group>";
		};
		629749D022360CD90007D346 = {
			isa = PBXGroup;
			children = (
				629749DB22360CD90007D346 /* movieapp */,
				629749DA22360CD90007D346 /* Products */,
				E7E8064893F1D8046C468692 /* Pods */,
				FB0F98B1BF05391F874E562A /* Frameworks */,
			);
			sourceTree = "<group>";
		};
		629749DA22360CD90007D346 /* Products */ = {
			isa = PBXGroup;
			children = (
				629749D922360CD90007D346 /* movieapp.app */,
			);
			name = Products;
			sourceTree = "<group>";
		};
		629749DB22360CD90007D346 /* movieapp */ = {
			isa = PBXGroup;
			children = (
				629749DC22360CD90007D346 /* AppDelegate.swift */,
				629749F022360D190007D346 /* Secrets */,
				629749F122360D970007D346 /* Utilities */,
				62974A052236147D0007D346 /* APIClient */,
				62974A0822361B6E0007D346 /* Model */,
				62974A0D22362B000007D346 /* View */,
				629749FA22360F6E0007D346 /* Controllers */,
				624D3CED22EA0A7C00B7C681 /* ViewModels */,
				629749DE22360CD90007D346 /* ViewController.swift */,
				629749E322360CDB0007D346 /* Assets.xcassets */,
				629749E522360CDB0007D346 /* LaunchScreen.storyboard */,
				629749E822360CDB0007D346 /* Info.plist */,
				62871BAC22EBC97B00CC4DCA /* GoogleService-Info.plist */,
			);
			path = movieapp;
			sourceTree = "<group>";
		};
		629749F022360D190007D346 /* Secrets */ = {
			isa = PBXGroup;
			children = (
				629749EE22360D130007D346 /* Secrets.swift */,
			);
			path = Secrets;
			sourceTree = "<group>";
		};
		629749F122360D970007D346 /* Utilities */ = {
			isa = PBXGroup;
			children = (
				627374242256FE4000F3B123 /* Fonts */,
				629749F222360DC50007D346 /* CreateTabBarExt.swift */,
				629749F422360E8B0007D346 /* UIView+Layout.swift */,
				629749F622360EA70007D346 /* UIColorExtension.swift */,
				629749F822360ED60007D346 /* AddShadow.swift */,
				62974A0B223624FC0007D346 /* BaseListController.swift */,
				62219E382247077600493680 /* SnappingLayout.swift */,
				62B059552249957D00E42D5E /* DateManager.swift */,
				62E2BEC522514999000DF8B9 /* UINavItemExtension.swift */,
				62C371032252BA5D00071256 /* VerticalStackView.swift */,
				62A82D4B225A5FF70018270D /* FontsConstant.swift */,
				625CEF53228B49A200022D77 /* FadeAnimation.swift */,
				6224D3562295BD6600BB2618 /* UPCarouselFlowLayout.swift */,
				629EFC1022D17F1F00E9E097 /* CustomTextField.swift */,
				62C9DA3222EA3CA300C4B2BC /* Bindable.swift */,
			);
			path = Utilities;
			sourceTree = "<group>";
		};
		629749FA22360F6E0007D346 /* Controllers */ = {
			isa = PBXGroup;
			children = (
				62974A03223610BC0007D346 /* MainTabBarController.swift */,
				62AB909222374A1000EF365D /* HomeFeed */,
				62AB908F2237294400EF365D /* Search */,
				62D44AEA2239DF2B004DD6CC /* Favorite */,
				62C7D14A22D048580083413D /* Registration */,
				62D44AEB2239DF3B004DD6CC /* About */,
			);
			path = Controllers;
			sourceTree = "<group>";
		};
		62974A052236147D0007D346 /* APIClient */ = {
			isa = PBXGroup;
			children = (
				62974A062236149B0007D346 /* Service.swift */,
				62A88AFD2241D64500212D32 /* APIClient.swift */,
			);
			path = APIClient;
			sourceTree = "<group>";
		};
		62974A0822361B6E0007D346 /* Model */ = {
			isa = PBXGroup;
			children = (
				62974A0922361B990007D346 /* Search.swift */,
				62AB909822374E2400EF365D /* MovieGroup.swift */,
				62E2BECB2251CC0B000DF8B9 /* MovieDetail.swift */,
				62F6A6E5227B6259007D5FFD /* Genre.swift */,
			);
			path = Model;
			sourceTree = "<group>";
		};
		62974A0D22362B000007D346 /* View */ = {
			isa = PBXGroup;
			children = (
				62EFD50922ED1FFD003ADF9C /* ProfileCell */,
				62E2BECE2251D284000DF8B9 /* SearchCell */,
				62E2BECD2251D276000DF8B9 /* MovieDetailCell */,
				62AB909522374ADC00EF365D /* HomeFeedCells */,
			);
			path = View;
			sourceTree = "<group>";
		};
		62AB908F2237294400EF365D /* Search */ = {
			isa = PBXGroup;
			children = (
				629749FD22360F980007D346 /* SearchController.swift */,
			);
			path = Search;
			sourceTree = "<group>";
		};
		62AB909222374A1000EF365D /* HomeFeed */ = {
			isa = PBXGroup;
			children = (
				629749FB22360F8A0007D346 /* HomeFeedController.swift */,
				62C0391D227AA691004700C6 /* GenreListController.swift */,
				62B05951224975BE00E42D5E /* NowPlayingController.swift */,
				62F1C6C3225EC2E7005CA1A3 /* DetailControllers */,
			);
			path = HomeFeed;
			sourceTree = "<group>";
		};
		62AB909522374ADC00EF365D /* HomeFeedCells */ = {
			isa = PBXGroup;
			children = (
				625CEF50228B41CA00022D77 /* GenreCells */,
				625CEF55228B4F4600022D77 /* NowPlayingCells */,
				62D44AEC2239E54F004DD6CC /* HomeCell.swift */,
				62A88AFB2241CE9700212D32 /* MovieCell.swift */,
				62219E3A2247192700493680 /* HomeFeedHeader.swift */,
				62B0594F224957D800E42D5E /* HomeFeedLoadingFooter.swift */,
			);
			path = HomeFeedCells;
			sourceTree = "<group>";
		};
		62C7D14A22D048580083413D /* Registration */ = {
			isa = PBXGroup;
			children = (
				62C7D14B22D048A10083413D /* SignInController.swift */,
				626EFE0D22D42FE700A09E1F /* SignUpController.swift */,
			);
			path = Registration;
			sourceTree = "<group>";
		};
		62D44AEA2239DF2B004DD6CC /* Favorite */ = {
			isa = PBXGroup;
			children = (
				629749FF22360FAD0007D346 /* FavoriteController.swift */,
			);
			path = Favorite;
			sourceTree = "<group>";
		};
		62D44AEB2239DF3B004DD6CC /* About */ = {
			isa = PBXGroup;
			children = (
				62974A0122360FBE0007D346 /* ProfileController.swift */,
			);
			path = About;
			sourceTree = "<group>";
		};
		62E2BECD2251D276000DF8B9 /* MovieDetailCell */ = {
			isa = PBXGroup;
			children = (
				62E2BECF2251D29E000DF8B9 /* MovieDetailCell.swift */,
				62F1C6C1225EBFF5005CA1A3 /* CreditsCell.swift */,
				62F1C6C6225ECD41005CA1A3 /* CastCell.swift */,
				62466BF0226156C000B7A816 /* VideoCell.swift */,
				62466BF422615A7C00B7A816 /* TrailerCell.swift */,
			);
			path = MovieDetailCell;
			sourceTree = "<group>";
		};
		62E2BECE2251D284000DF8B9 /* SearchCell */ = {
			isa = PBXGroup;
			children = (
				62974A0E22362B1C0007D346 /* SearchCell.swift */,
			);
			path = SearchCell;
			sourceTree = "<group>";
		};
		62EFD50922ED1FFD003ADF9C /* ProfileCell */ = {
			isa = PBXGroup;
			children = (
				62EFD50A22ED201A003ADF9C /* UserInfoCell.swift */,
			);
			path = ProfileCell;
			sourceTree = "<group>";
		};
		62F1C6C3225EC2E7005CA1A3 /* DetailControllers */ = {
			isa = PBXGroup;
			children = (
				62E2BEC92251B300000DF8B9 /* MovieDetailController.swift */,
				62F1C6C4225EC2FB005CA1A3 /* CreditsController.swift */,
				62466BF2226158DB00B7A816 /* TrailerController.swift */,
				62731E6A22B2DB12004D288F /* GenreController.swift */,
			);
			path = DetailControllers;
			sourceTree = "<group>";
		};
		E7E8064893F1D8046C468692 /* Pods */ = {
			isa = PBXGroup;
			children = (
				18BB7F87FD98FBE1DFE7A6AE /* Pods-movieapp.debug.xcconfig */,
				C3C90919AF38D40BA7056E2F /* Pods-movieapp.release.xcconfig */,
			);
			name = Pods;
			sourceTree = "<group>";
		};
		FB0F98B1BF05391F874E562A /* Frameworks */ = {
			isa = PBXGroup;
			children = (
				A93D07D5A41733C7FD98CD67 /* Pods_movieapp.framework */,
			);
			name = Frameworks;
			sourceTree = "<group>";
		};
/* End PBXGroup section */

/* Begin PBXNativeTarget section */
		629749D822360CD90007D346 /* movieapp */ = {
			isa = PBXNativeTarget;
			buildConfigurationList = 629749EB22360CDB0007D346 /* Build configuration list for PBXNativeTarget "movieapp" */;
			buildPhases = (
				6D576D31BA00BC9190C92422 /* [CP] Check Pods Manifest.lock */,
				629749D522360CD90007D346 /* Sources */,
				629749D622360CD90007D346 /* Frameworks */,
				629749D722360CD90007D346 /* Resources */,
				8BEC774AA92376706E0A204D /* [CP] Embed Pods Frameworks */,
			);
			buildRules = (
			);
			dependencies = (
			);
			name = movieapp;
			productName = movieapp;
			productReference = 629749D922360CD90007D346 /* movieapp.app */;
			productType = "com.apple.product-type.application";
		};
/* End PBXNativeTarget section */

/* Begin PBXProject section */
		629749D122360CD90007D346 /* Project object */ = {
			isa = PBXProject;
			attributes = {
				LastSwiftUpdateCheck = 1010;
				LastUpgradeCheck = 1010;
				ORGANIZATIONNAME = "Serxhio Gugo";
				TargetAttributes = {
					629749D822360CD90007D346 = {
						CreatedOnToolsVersion = 10.1;
						LastSwiftMigration = 1020;
					};
				};
			};
			buildConfigurationList = 629749D422360CD90007D346 /* Build configuration list for PBXProject "movieapp" */;
			compatibilityVersion = "Xcode 9.3";
			developmentRegion = en;
			hasScannedForEncodings = 0;
			knownRegions = (
				en,
				Base,
			);
			mainGroup = 629749D022360CD90007D346;
			productRefGroup = 629749DA22360CD90007D346 /* Products */;
			projectDirPath = "";
			projectRoot = "";
			targets = (
				629749D822360CD90007D346 /* movieapp */,
			);
		};
/* End PBXProject section */

/* Begin PBXResourcesBuildPhase section */
		629749D722360CD90007D346 /* Resources */ = {
			isa = PBXResourcesBuildPhase;
			buildActionMask = 2147483647;
			files = (
				627374332257027300F3B123 /* Lato-Heavy.ttf in Resources */,
				627374382257027300F3B123 /* Lato-Thin.ttf in Resources */,
				627374352257027300F3B123 /* Lato-Regular.ttf in Resources */,
				627374342257027300F3B123 /* Lato-Hairline.ttf in Resources */,
				629749E722360CDB0007D346 /* LaunchScreen.storyboard in Resources */,
				6273742C225701F700F3B123 /* Lato-Bold.ttf in Resources */,
				627374362257027300F3B123 /* Lato-Medium.ttf in Resources */,
				62871BAD22EBC97B00CC4DCA /* GoogleService-Info.plist in Resources */,
				629749E422360CDB0007D346 /* Assets.xcassets in Resources */,
				627374372257027300F3B123 /* Lato-Light.ttf in Resources */,
			);
			runOnlyForDeploymentPostprocessing = 0;
		};
/* End PBXResourcesBuildPhase section */

/* Begin PBXShellScriptBuildPhase section */
		6D576D31BA00BC9190C92422 /* [CP] Check Pods Manifest.lock */ = {
			isa = PBXShellScriptBuildPhase;
			buildActionMask = 2147483647;
			files = (
			);
			inputPaths = (
				"${PODS_PODFILE_DIR_PATH}/Podfile.lock",
				"${PODS_ROOT}/Manifest.lock",
			);
			name = "[CP] Check Pods Manifest.lock";
			outputPaths = (
				"$(DERIVED_FILE_DIR)/Pods-movieapp-checkManifestLockResult.txt",
			);
			runOnlyForDeploymentPostprocessing = 0;
			shellPath = /bin/sh;
			shellScript = "diff \"${PODS_PODFILE_DIR_PATH}/Podfile.lock\" \"${PODS_ROOT}/Manifest.lock\" > /dev/null\nif [ $? != 0 ] ; then\n    # print error to STDERR\n    echo \"error: The sandbox is not in sync with the Podfile.lock. Run 'pod install' or update your CocoaPods installation.\" >&2\n    exit 1\nfi\n# This output is used by Xcode 'outputs' to avoid re-running this script phase.\necho \"SUCCESS\" > \"${SCRIPT_OUTPUT_FILE_0}\"\n";
			showEnvVarsInLog = 0;
		};
		8BEC774AA92376706E0A204D /* [CP] Embed Pods Frameworks */ = {
			isa = PBXShellScriptBuildPhase;
			buildActionMask = 2147483647;
			files = (
			);
			inputFileListPaths = (
				"${PODS_ROOT}/Target Support Files/Pods-movieapp/Pods-movieapp-frameworks-${CONFIGURATION}-input-files.xcfilelist",
			);
			name = "[CP] Embed Pods Frameworks";
			outputFileListPaths = (
				"${PODS_ROOT}/Target Support Files/Pods-movieapp/Pods-movieapp-frameworks-${CONFIGURATION}-output-files.xcfilelist",
			);
			runOnlyForDeploymentPostprocessing = 0;
			shellPath = /bin/sh;
			shellScript = "\"${PODS_ROOT}/Target Support Files/Pods-movieapp/Pods-movieapp-frameworks.sh\"\n";
			showEnvVarsInLog = 0;
		};
/* End PBXShellScriptBuildPhase section */

/* Begin PBXSourcesBuildPhase section */
		629749D522360CD90007D346 /* Sources */ = {
			isa = PBXSourcesBuildPhase;
			buildActionMask = 2147483647;
			files = (
				62466BF3226158DB00B7A816 /* TrailerController.swift in Sources */,
				624D3CEF22EA0CA900B7C681 /* SignUpViewModel.swift in Sources */,
				62D44AED2239E54F004DD6CC /* HomeCell.swift in Sources */,
				62E2BECA2251B300000DF8B9 /* MovieDetailController.swift in Sources */,
				624D3CF122EA110D00B7C681 /* SignInViewModel.swift in Sources */,
				625CEF52228B41E600022D77 /* GenreContainerCell.swift in Sources */,
				620BE9F522B72C7A000D147D /* MovieGenreCell.swift in Sources */,
				6224D3572295BD6600BB2618 /* UPCarouselFlowLayout.swift in Sources */,
				62C03922227AA894004700C6 /* GenreCell.swift in Sources */,
				62A82D4C225A5FF70018270D /* FontsConstant.swift in Sources */,
				62A88AFC2241CE9700212D32 /* MovieCell.swift in Sources */,
				62E2BEC622514999000DF8B9 /* UINavItemExtension.swift in Sources */,
				62A88AFE2241D64500212D32 /* APIClient.swift in Sources */,
				62B05952224975BE00E42D5E /* NowPlayingController.swift in Sources */,
				62219E3B2247192700493680 /* HomeFeedHeader.swift in Sources */,
				629749DF22360CD90007D346 /* ViewController.swift in Sources */,
				62B05950224957D800E42D5E /* HomeFeedLoadingFooter.swift in Sources */,
				62B0595422497AD000E42D5E /* NowPlayingCell.swift in Sources */,
				62974A0F22362B1C0007D346 /* SearchCell.swift in Sources */,
				625CEF57228B4F6600022D77 /* NowPlayingCellContainer.swift in Sources */,
				62974A072236149B0007D346 /* Service.swift in Sources */,
				62AB909922374E2400EF365D /* MovieGroup.swift in Sources */,
				629749F322360DC50007D346 /* CreateTabBarExt.swift in Sources */,
				62974A04223610BC0007D346 /* MainTabBarController.swift in Sources */,
				62466BF522615A7C00B7A816 /* TrailerCell.swift in Sources */,
				629749EF22360D130007D346 /* Secrets.swift in Sources */,
				62731E6B22B2DB12004D288F /* GenreController.swift in Sources */,
				626EFE0E22D42FE700A09E1F /* SignUpController.swift in Sources */,
				62F1C6C2225EBFF5005CA1A3 /* CreditsCell.swift in Sources */,
				629749DD22360CD90007D346 /* AppDelegate.swift in Sources */,
				62C0391E227AA691004700C6 /* GenreListController.swift in Sources */,
				62219E392247077600493680 /* SnappingLayout.swift in Sources */,
				629749FC22360F8A0007D346 /* HomeFeedController.swift in Sources */,
				62974A0022360FAD0007D346 /* FavoriteController.swift in Sources */,
				629749F522360E8B0007D346 /* UIView+Layout.swift in Sources */,
				62E2BED02251D29E000DF8B9 /* MovieDetailCell.swift in Sources */,
				629749F922360ED60007D346 /* AddShadow.swift in Sources */,
				62974A0C223624FC0007D346 /* BaseListController.swift in Sources */,
				629EFC1122D17F1F00E9E097 /* CustomTextField.swift in Sources */,
				629749FE22360F980007D346 /* SearchController.swift in Sources */,
				629749F722360EA70007D346 /* UIColorExtension.swift in Sources */,
				62974A0222360FBE0007D346 /* ProfileController.swift in Sources */,
				62F6A6E6227B6259007D5FFD /* Genre.swift in Sources */,
				62466BF1226156C000B7A816 /* VideoCell.swift in Sources */,
				62EFD50B22ED201A003ADF9C /* UserInfoCell.swift in Sources */,
				62E2BECC2251CC0B000DF8B9 /* MovieDetail.swift in Sources */,
				62F1C6C5225EC2FB005CA1A3 /* CreditsController.swift in Sources */,
				62C371042252BA5D00071256 /* VerticalStackView.swift in Sources */,
				62B059562249957D00E42D5E /* DateManager.swift in Sources */,
				625CEF54228B49A200022D77 /* FadeAnimation.swift in Sources */,
				62C7D14C22D048A10083413D /* SignInController.swift in Sources */,
				62974A0A22361B990007D346 /* Search.swift in Sources */,
				62F1C6C7225ECD41005CA1A3 /* CastCell.swift in Sources */,
				62C9DA3322EA3CA300C4B2BC /* Bindable.swift in Sources */,
			);
			runOnlyForDeploymentPostprocessing = 0;
		};
/* End PBXSourcesBuildPhase section */

/* Begin PBXVariantGroup section */
		629749E522360CDB0007D346 /* LaunchScreen.storyboard */ = {
			isa = PBXVariantGroup;
			children = (
				629749E622360CDB0007D346 /* Base */,
			);
			name = LaunchScreen.storyboard;
			sourceTree = "<group>";
		};
/* End PBXVariantGroup section */

/* Begin XCBuildConfiguration section */
		629749E922360CDB0007D346 /* Debug */ = {
			isa = XCBuildConfiguration;
			buildSettings = {
				ALWAYS_SEARCH_USER_PATHS = NO;
				CLANG_ANALYZER_NONNULL = YES;
				CLANG_ANALYZER_NUMBER_OBJECT_CONVERSION = YES_AGGRESSIVE;
				CLANG_CXX_LANGUAGE_STANDARD = "gnu++14";
				CLANG_CXX_LIBRARY = "libc++";
				CLANG_ENABLE_MODULES = YES;
				CLANG_ENABLE_OBJC_ARC = YES;
				CLANG_ENABLE_OBJC_WEAK = YES;
				CLANG_WARN_BLOCK_CAPTURE_AUTORELEASING = YES;
				CLANG_WARN_BOOL_CONVERSION = YES;
				CLANG_WARN_COMMA = YES;
				CLANG_WARN_CONSTANT_CONVERSION = YES;
				CLANG_WARN_DEPRECATED_OBJC_IMPLEMENTATIONS = YES;
				CLANG_WARN_DIRECT_OBJC_ISA_USAGE = YES_ERROR;
				CLANG_WARN_DOCUMENTATION_COMMENTS = YES;
				CLANG_WARN_EMPTY_BODY = YES;
				CLANG_WARN_ENUM_CONVERSION = YES;
				CLANG_WARN_INFINITE_RECURSION = YES;
				CLANG_WARN_INT_CONVERSION = YES;
				CLANG_WARN_NON_LITERAL_NULL_CONVERSION = YES;
				CLANG_WARN_OBJC_IMPLICIT_RETAIN_SELF = YES;
				CLANG_WARN_OBJC_LITERAL_CONVERSION = YES;
				CLANG_WARN_OBJC_ROOT_CLASS = YES_ERROR;
				CLANG_WARN_RANGE_LOOP_ANALYSIS = YES;
				CLANG_WARN_STRICT_PROTOTYPES = YES;
				CLANG_WARN_SUSPICIOUS_MOVE = YES;
				CLANG_WARN_UNGUARDED_AVAILABILITY = YES_AGGRESSIVE;
				CLANG_WARN_UNREACHABLE_CODE = YES;
				CLANG_WARN__DUPLICATE_METHOD_MATCH = YES;
				CODE_SIGN_IDENTITY = "iPhone Developer";
				COPY_PHASE_STRIP = NO;
				DEBUG_INFORMATION_FORMAT = dwarf;
				ENABLE_STRICT_OBJC_MSGSEND = YES;
				ENABLE_TESTABILITY = YES;
				GCC_C_LANGUAGE_STANDARD = gnu11;
				GCC_DYNAMIC_NO_PIC = NO;
				GCC_NO_COMMON_BLOCKS = YES;
				GCC_OPTIMIZATION_LEVEL = 0;
				GCC_PREPROCESSOR_DEFINITIONS = (
					"DEBUG=1",
					"$(inherited)",
				);
				GCC_WARN_64_TO_32_BIT_CONVERSION = YES;
				GCC_WARN_ABOUT_RETURN_TYPE = YES_ERROR;
				GCC_WARN_UNDECLARED_SELECTOR = YES;
				GCC_WARN_UNINITIALIZED_AUTOS = YES_AGGRESSIVE;
				GCC_WARN_UNUSED_FUNCTION = YES;
				GCC_WARN_UNUSED_VARIABLE = YES;
				IPHONEOS_DEPLOYMENT_TARGET = 12.1;
				MTL_ENABLE_DEBUG_INFO = INCLUDE_SOURCE;
				MTL_FAST_MATH = YES;
				ONLY_ACTIVE_ARCH = YES;
				SDKROOT = iphoneos;
				SWIFT_ACTIVE_COMPILATION_CONDITIONS = DEBUG;
				SWIFT_OPTIMIZATION_LEVEL = "-Onone";
			};
			name = Debug;
		};
		629749EA22360CDB0007D346 /* Release */ = {
			isa = XCBuildConfiguration;
			buildSettings = {
				ALWAYS_SEARCH_USER_PATHS = NO;
				CLANG_ANALYZER_NONNULL = YES;
				CLANG_ANALYZER_NUMBER_OBJECT_CONVERSION = YES_AGGRESSIVE;
				CLANG_CXX_LANGUAGE_STANDARD = "gnu++14";
				CLANG_CXX_LIBRARY = "libc++";
				CLANG_ENABLE_MODULES = YES;
				CLANG_ENABLE_OBJC_ARC = YES;
				CLANG_ENABLE_OBJC_WEAK = YES;
				CLANG_WARN_BLOCK_CAPTURE_AUTORELEASING = YES;
				CLANG_WARN_BOOL_CONVERSION = YES;
				CLANG_WARN_COMMA = YES;
				CLANG_WARN_CONSTANT_CONVERSION = YES;
				CLANG_WARN_DEPRECATED_OBJC_IMPLEMENTATIONS = YES;
				CLANG_WARN_DIRECT_OBJC_ISA_USAGE = YES_ERROR;
				CLANG_WARN_DOCUMENTATION_COMMENTS = YES;
				CLANG_WARN_EMPTY_BODY = YES;
				CLANG_WARN_ENUM_CONVERSION = YES;
				CLANG_WARN_INFINITE_RECURSION = YES;
				CLANG_WARN_INT_CONVERSION = YES;
				CLANG_WARN_NON_LITERAL_NULL_CONVERSION = YES;
				CLANG_WARN_OBJC_IMPLICIT_RETAIN_SELF = YES;
				CLANG_WARN_OBJC_LITERAL_CONVERSION = YES;
				CLANG_WARN_OBJC_ROOT_CLASS = YES_ERROR;
				CLANG_WARN_RANGE_LOOP_ANALYSIS = YES;
				CLANG_WARN_STRICT_PROTOTYPES = YES;
				CLANG_WARN_SUSPICIOUS_MOVE = YES;
				CLANG_WARN_UNGUARDED_AVAILABILITY = YES_AGGRESSIVE;
				CLANG_WARN_UNREACHABLE_CODE = YES;
				CLANG_WARN__DUPLICATE_METHOD_MATCH = YES;
				CODE_SIGN_IDENTITY = "iPhone Developer";
				COPY_PHASE_STRIP = NO;
				DEBUG_INFORMATION_FORMAT = "dwarf-with-dsym";
				ENABLE_NS_ASSERTIONS = NO;
				ENABLE_STRICT_OBJC_MSGSEND = YES;
				GCC_C_LANGUAGE_STANDARD = gnu11;
				GCC_NO_COMMON_BLOCKS = YES;
				GCC_WARN_64_TO_32_BIT_CONVERSION = YES;
				GCC_WARN_ABOUT_RETURN_TYPE = YES_ERROR;
				GCC_WARN_UNDECLARED_SELECTOR = YES;
				GCC_WARN_UNINITIALIZED_AUTOS = YES_AGGRESSIVE;
				GCC_WARN_UNUSED_FUNCTION = YES;
				GCC_WARN_UNUSED_VARIABLE = YES;
				IPHONEOS_DEPLOYMENT_TARGET = 12.1;
				MTL_ENABLE_DEBUG_INFO = NO;
				MTL_FAST_MATH = YES;
				SDKROOT = iphoneos;
				SWIFT_COMPILATION_MODE = wholemodule;
				SWIFT_OPTIMIZATION_LEVEL = "-O";
				VALIDATE_PRODUCT = YES;
			};
			name = Release;
		};
		629749EC22360CDB0007D346 /* Debug */ = {
			isa = XCBuildConfiguration;
			baseConfigurationReference = 18BB7F87FD98FBE1DFE7A6AE /* Pods-movieapp.debug.xcconfig */;
			buildSettings = {
				ASSETCATALOG_COMPILER_APPICON_NAME = AppIcon;
				CODE_SIGN_STYLE = Automatic;
				DEVELOPMENT_TEAM = H5U56L4EAR;
				INFOPLIST_FILE = movieapp/Info.plist;
				IPHONEOS_DEPLOYMENT_TARGET = 12.2;
				LD_RUNPATH_SEARCH_PATHS = (
					"$(inherited)",
					"@executable_path/Frameworks",
				);
				PRODUCT_BUNDLE_IDENTIFIER = com.serxhiogugo.movieapp;
				PRODUCT_NAME = "$(TARGET_NAME)";
				SWIFT_VERSION = 5.0;
				TARGETED_DEVICE_FAMILY = 1;
			};
			name = Debug;
		};
		629749ED22360CDB0007D346 /* Release */ = {
			isa = XCBuildConfiguration;
			baseConfigurationReference = C3C90919AF38D40BA7056E2F /* Pods-movieapp.release.xcconfig */;
			buildSettings = {
				ASSETCATALOG_COMPILER_APPICON_NAME = AppIcon;
				CODE_SIGN_STYLE = Automatic;
				DEVELOPMENT_TEAM = H5U56L4EAR;
				INFOPLIST_FILE = movieapp/Info.plist;
				IPHONEOS_DEPLOYMENT_TARGET = 12.2;
				LD_RUNPATH_SEARCH_PATHS = (
					"$(inherited)",
					"@executable_path/Frameworks",
				);
				PRODUCT_BUNDLE_IDENTIFIER = com.serxhiogugo.movieapp;
				PRODUCT_NAME = "$(TARGET_NAME)";
				SWIFT_VERSION = 5.0;
				TARGETED_DEVICE_FAMILY = 1;
			};
			name = Release;
		};
/* End XCBuildConfiguration section */

/* Begin XCConfigurationList section */
		629749D422360CD90007D346 /* Build configuration list for PBXProject "movieapp" */ = {
			isa = XCConfigurationList;
			buildConfigurations = (
				629749E922360CDB0007D346 /* Debug */,
				629749EA22360CDB0007D346 /* Release */,
			);
			defaultConfigurationIsVisible = 0;
			defaultConfigurationName = Release;
		};
		629749EB22360CDB0007D346 /* Build configuration list for PBXNativeTarget "movieapp" */ = {
			isa = XCConfigurationList;
			buildConfigurations = (
				629749EC22360CDB0007D346 /* Debug */,
				629749ED22360CDB0007D346 /* Release */,
			);
			defaultConfigurationIsVisible = 0;
			defaultConfigurationName = Release;
		};
/* End XCConfigurationList section */
	};
	rootObject = 629749D122360CD90007D346 /* Project object */;
}
